// !$*UTF8*$!
{
	archiveVersion = 1;
	classes = {
	};
	objectVersion = 46;
	objects = {

/* Begin PBXBuildFile section */
		DF4312A71B50D6CF00AC5D4F /* gtest.framework in Frameworks */ = {isa = PBXBuildFile; fileRef = DF4312A61B50D6CF00AC5D4F /* gtest.framework */; };
		DF4312AA1B51884000AC5D4F /* StringOps.cpp in Sources */ = {isa = PBXBuildFile; fileRef = DF4312A81B51884000AC5D4F /* StringOps.cpp */; };
		DF4312D31B52B1A800AC5D4F /* BMWList.cpp in Sources */ = {isa = PBXBuildFile; fileRef = DF4312CF1B52B1A800AC5D4F /* BMWList.cpp */; };
		E9954ED91B4EE3C400CA0D39 /* main.cpp in Sources */ = {isa = PBXBuildFile; fileRef = E9954ED81B4EE3C400CA0D39 /* main.cpp */; };
		E9954EE11B4EE3DB00CA0D39 /* Algorithm.cpp in Sources */ = {isa = PBXBuildFile; fileRef = E9954EDF1B4EE3DB00CA0D39 /* Algorithm.cpp */; };
/* End PBXBuildFile section */

/* Begin PBXCopyFilesBuildPhase section */
		E9954ED31B4EE3C400CA0D39 /* CopyFiles */ = {
			isa = PBXCopyFilesBuildPhase;
			buildActionMask = 2147483647;
			dstPath = /usr/share/man/man1/;
			dstSubfolderSpec = 0;
			files = (
			);
			runOnlyForDeploymentPostprocessing = 1;
		};
/* End PBXCopyFilesBuildPhase section */

/* Begin PBXFileReference section */
		DF4312A61B50D6CF00AC5D4F /* gtest.framework */ = {isa = PBXFileReference; lastKnownFileType = wrapper.framework; name = gtest.framework; path = UnityTest/gtest.framework; sourceTree = "<group>"; };
		DF4312A81B51884000AC5D4F /* StringOps.cpp */ = {isa = PBXFileReference; fileEncoding = 4; lastKnownFileType = sourcecode.cpp.cpp; path = StringOps.cpp; sourceTree = "<group>"; };
		DF4312A91B51884000AC5D4F /* StringOps.h */ = {isa = PBXFileReference; fileEncoding = 4; lastKnownFileType = sourcecode.c.h; path = StringOps.h; sourceTree = "<group>"; };
		DF4312CF1B52B1A800AC5D4F /* BMWList.cpp */ = {isa = PBXFileReference; fileEncoding = 4; lastKnownFileType = sourcecode.cpp.cpp; name = BMWList.cpp; path = Template/BMWList.cpp; sourceTree = "<group>"; };
		DF4312D01B52B1A800AC5D4F /* BMWList.h */ = {isa = PBXFileReference; fileEncoding = 4; lastKnownFileType = sourcecode.c.h; name = BMWList.h; path = Template/BMWList.h; sourceTree = "<group>"; };
		DF4312D11B52B1A800AC5D4F /* BMWList2.h */ = {isa = PBXFileReference; fileEncoding = 4; lastKnownFileType = sourcecode.c.h; name = BMWList2.h; path = Template/BMWList2.h; sourceTree = "<group>"; };
		DF4312D21B52B1A800AC5D4F /* BMWList3.h */ = {isa = PBXFileReference; fileEncoding = 4; lastKnownFileType = sourcecode.c.h; name = BMWList3.h; path = Template/BMWList3.h; sourceTree = "<group>"; };
		DF4312D41B52B1C300AC5D4F /* SingleList.h */ = {isa = PBXFileReference; lastKnownFileType = sourcecode.c.h; name = SingleList.h; path = Template/SingleList.h; sourceTree = "<group>"; };
		E9954ED51B4EE3C400CA0D39 /* cpp-training */ = {isa = PBXFileReference; explicitFileType = "compiled.mach-o.executable"; includeInIndex = 0; path = "cpp-training"; sourceTree = BUILT_PRODUCTS_DIR; };
		E9954ED81B4EE3C400CA0D39 /* main.cpp */ = {isa = PBXFileReference; lastKnownFileType = sourcecode.cpp.cpp; path = main.cpp; sourceTree = "<group>"; };
		E9954EDF1B4EE3DB00CA0D39 /* Algorithm.cpp */ = {isa = PBXFileReference; fileEncoding = 4; lastKnownFileType = sourcecode.cpp.cpp; path = Algorithm.cpp; sourceTree = "<group>"; };
		E9954EE01B4EE3DB00CA0D39 /* Algorithm.h */ = {isa = PBXFileReference; fileEncoding = 4; lastKnownFileType = sourcecode.c.h; path = Algorithm.h; sourceTree = "<group>"; };
/* End PBXFileReference section */

/* Begin PBXFrameworksBuildPhase section */
		E9954ED21B4EE3C400CA0D39 /* Frameworks */ = {
			isa = PBXFrameworksBuildPhase;
			buildActionMask = 2147483647;
			files = (
				DF4312A71B50D6CF00AC5D4F /* gtest.framework in Frameworks */,
			);
			runOnlyForDeploymentPostprocessing = 0;
		};
/* End PBXFrameworksBuildPhase section */

/* Begin PBXGroup section */
		DF4312AF1B52419C00AC5D4F /* DataStructure */ = {
			isa = PBXGroup;
			children = (
				DF4312D41B52B1C300AC5D4F /* SingleList.h */,
				DF4312CF1B52B1A800AC5D4F /* BMWList.cpp */,
				DF4312D01B52B1A800AC5D4F /* BMWList.h */,
				DF4312D11B52B1A800AC5D4F /* BMWList2.h */,
				DF4312D21B52B1A800AC5D4F /* BMWList3.h */,
			);
			name = DataStructure;
			sourceTree = "<group>";
		};
		E9954ECC1B4EE3C400CA0D39 = {
			isa = PBXGroup;
			children = (
				DF4312AF1B52419C00AC5D4F /* DataStructure */,
				DF4312A61B50D6CF00AC5D4F /* gtest.framework */,
				E9954ED71B4EE3C400CA0D39 /* cpp-training */,
				E9954ED61B4EE3C400CA0D39 /* Products */,
			);
			sourceTree = "<group>";
		};
		E9954ED61B4EE3C400CA0D39 /* Products */ = {
			isa = PBXGroup;
			children = (
				E9954ED51B4EE3C400CA0D39 /* cpp-training */,
			);
			name = Products;
			sourceTree = "<group>";
		};
		E9954ED71B4EE3C400CA0D39 /* cpp-training */ = {
			isa = PBXGroup;
			children = (
				E9954EDF1B4EE3DB00CA0D39 /* Algorithm.cpp */,
				E9954EE01B4EE3DB00CA0D39 /* Algorithm.h */,
				E9954ED81B4EE3C400CA0D39 /* main.cpp */,
				DF4312A81B51884000AC5D4F /* StringOps.cpp */,
				DF4312A91B51884000AC5D4F /* StringOps.h */,
			);
			path = "cpp-training";
			sourceTree = "<group>";
		};
/* End PBXGroup section */

/* Begin PBXNativeTarget section */
		E9954ED41B4EE3C400CA0D39 /* cpp-training */ = {
			isa = PBXNativeTarget;
			buildConfigurationList = E9954EDC1B4EE3C400CA0D39 /* Build configuration list for PBXNativeTarget "cpp-training" */;
			buildPhases = (
				E9954ED11B4EE3C400CA0D39 /* Sources */,
				E9954ED21B4EE3C400CA0D39 /* Frameworks */,
				E9954ED31B4EE3C400CA0D39 /* CopyFiles */,
			);
			buildRules = (
			);
			dependencies = (
			);
			name = "cpp-training";
			productName = "cpp-training";
			productReference = E9954ED51B4EE3C400CA0D39 /* cpp-training */;
			productType = "com.apple.product-type.tool";
		};
/* End PBXNativeTarget section */

/* Begin PBXProject section */
		E9954ECD1B4EE3C400CA0D39 /* Project object */ = {
			isa = PBXProject;
			attributes = {
				LastUpgradeCheck = 0630;
				ORGANIZATIONNAME = codefreeme;
				TargetAttributes = {
					E9954ED41B4EE3C400CA0D39 = {
						CreatedOnToolsVersion = 6.3.1;
					};
				};
			};
			buildConfigurationList = E9954ED01B4EE3C400CA0D39 /* Build configuration list for PBXProject "cpp-training" */;
			compatibilityVersion = "Xcode 3.2";
			developmentRegion = English;
			hasScannedForEncodings = 0;
			knownRegions = (
				en,
			);
			mainGroup = E9954ECC1B4EE3C400CA0D39;
			productRefGroup = E9954ED61B4EE3C400CA0D39 /* Products */;
			projectDirPath = "";
			projectRoot = "";
			targets = (
				E9954ED41B4EE3C400CA0D39 /* cpp-training */,
			);
		};
/* End PBXProject section */

/* Begin PBXSourcesBuildPhase section */
		E9954ED11B4EE3C400CA0D39 /* Sources */ = {
			isa = PBXSourcesBuildPhase;
			buildActionMask = 2147483647;
			files = (
				E9954ED91B4EE3C400CA0D39 /* main.cpp in Sources */,
				DF4312AA1B51884000AC5D4F /* StringOps.cpp in Sources */,
				DF4312D31B52B1A800AC5D4F /* BMWList.cpp in Sources */,
				E9954EE11B4EE3DB00CA0D39 /* Algorithm.cpp in Sources */,
			);
			runOnlyForDeploymentPostprocessing = 0;
		};
/* End PBXSourcesBuildPhase section */

/* Begin XCBuildConfiguration section */
		E9954EDA1B4EE3C400CA0D39 /* Debug */ = {
			isa = XCBuildConfiguration;
			buildSettings = {
				ALWAYS_SEARCH_USER_PATHS = NO;
				CLANG_CXX_LANGUAGE_STANDARD = "gnu++0x";
				CLANG_CXX_LIBRARY = "libc++";
				CLANG_ENABLE_MODULES = YES;
				CLANG_ENABLE_OBJC_ARC = YES;
				CLANG_WARN_BOOL_CONVERSION = YES;
				CLANG_WARN_CONSTANT_CONVERSION = YES;
				CLANG_WARN_DIRECT_OBJC_ISA_USAGE = YES_ERROR;
				CLANG_WARN_EMPTY_BODY = YES;
				CLANG_WARN_ENUM_CONVERSION = YES;
				CLANG_WARN_INT_CONVERSION = YES;
				CLANG_WARN_OBJC_ROOT_CLASS = YES_ERROR;
				CLANG_WARN_UNREACHABLE_CODE = YES;
				CLANG_WARN__DUPLICATE_METHOD_MATCH = YES;
				COPY_PHASE_STRIP = NO;
				DEBUG_INFORMATION_FORMAT = dwarf;
				ENABLE_STRICT_OBJC_MSGSEND = YES;
				GCC_C_LANGUAGE_STANDARD = gnu99;
				GCC_DYNAMIC_NO_PIC = NO;
				GCC_NO_COMMON_BLOCKS = YES;
				GCC_OPTIMIZATION_LEVEL = 0;
				GCC_PREPROCESSOR_DEFINITIONS = (
					"DEBUG=1",
					"$(inherited)",
				);
				GCC_SYMBOLS_PRIVATE_EXTERN = NO;
				GCC_WARN_64_TO_32_BIT_CONVERSION = YES;
				GCC_WARN_ABOUT_RETURN_TYPE = YES_ERROR;
				GCC_WARN_UNDECLARED_SELECTOR = YES;
				GCC_WARN_UNINITIALIZED_AUTOS = YES_AGGRESSIVE;
				GCC_WARN_UNUSED_FUNCTION = YES;
				GCC_WARN_UNUSED_VARIABLE = YES;
				MACOSX_DEPLOYMENT_TARGET = 10.10;
				MTL_ENABLE_DEBUG_INFO = YES;
				ONLY_ACTIVE_ARCH = YES;
				SDKROOT = macosx;
			};
			name = Debug;
		};
		E9954EDB1B4EE3C400CA0D39 /* Release */ = {
			isa = XCBuildConfiguration;
			buildSettings = {
				ALWAYS_SEARCH_USER_PATHS = NO;
				CLANG_CXX_LANGUAGE_STANDARD = "gnu++0x";
				CLANG_CXX_LIBRARY = "libc++";
				CLANG_ENABLE_MODULES = YES;
				CLANG_ENABLE_OBJC_ARC = YES;
				CLANG_WARN_BOOL_CONVERSION = YES;
				CLANG_WARN_CONSTANT_CONVERSION = YES;
				CLANG_WARN_DIRECT_OBJC_ISA_USAGE = YES_ERROR;
				CLANG_WARN_EMPTY_BODY = YES;
				CLANG_WARN_ENUM_CONVERSION = YES;
				CLANG_WARN_INT_CONVERSION = YES;
				CLANG_WARN_OBJC_ROOT_CLASS = YES_ERROR;
				CLANG_WARN_UNREACHABLE_CODE = YES;
				CLANG_WARN__DUPLICATE_METHOD_MATCH = YES;
				COPY_PHASE_STRIP = NO;
				DEBUG_INFORMATION_FORMAT = "dwarf-with-dsym";
				ENABLE_NS_ASSERTIONS = NO;
				ENABLE_STRICT_OBJC_MSGSEND = YES;
				GCC_C_LANGUAGE_STANDARD = gnu99;
				GCC_NO_COMMON_BLOCKS = YES;
				GCC_WARN_64_TO_32_BIT_CONVERSION = YES;
				GCC_WARN_ABOUT_RETURN_TYPE = YES_ERROR;
				GCC_WARN_UNDECLARED_SELECTOR = YES;
				GCC_WARN_UNINITIALIZED_AUTOS = YES_AGGRESSIVE;
				GCC_WARN_UNUSED_FUNCTION = YES;
				GCC_WARN_UNUSED_VARIABLE = YES;
				MACOSX_DEPLOYMENT_TARGET = 10.10;
				MTL_ENABLE_DEBUG_INFO = NO;
				SDKROOT = macosx;
			};
			name = Release;
		};
		E9954EDD1B4EE3C400CA0D39 /* Debug */ = {
			isa = XCBuildConfiguration;
			buildSettings = {
				CLANG_CXX_LIBRARY = "libstdc++";
				FRAMEWORK_SEARCH_PATHS = (
					"$(inherited)",
					"/Users/leigu1/work/mine-work",
					"$(PROJECT_DIR)/UnityTest",
				);
				PRODUCT_NAME = "$(TARGET_NAME)";
			};
			name = Debug;
		};
		E9954EDE1B4EE3C400CA0D39 /* Release */ = {
			isa = XCBuildConfiguration;
			buildSettings = {
				CLANG_CXX_LIBRARY = "libstdc++";
				FRAMEWORK_SEARCH_PATHS = (
					"$(inherited)",
					"/Users/leigu1/work/mine-work",
					"$(PROJECT_DIR)/UnityTest",
				);
				PRODUCT_NAME = "$(TARGET_NAME)";
			};
			name = Release;
		};
/* End XCBuildConfiguration section */

/* Begin XCConfigurationList section */
		E9954ED01B4EE3C400CA0D39 /* Build configuration list for PBXProject "cpp-training" */ = {
			isa = XCConfigurationList;
			buildConfigurations = (
				E9954EDA1B4EE3C400CA0D39 /* Debug */,
				E9954EDB1B4EE3C400CA0D39 /* Release */,
			);
			defaultConfigurationIsVisible = 0;
			defaultConfigurationName = Release;
		};
		E9954EDC1B4EE3C400CA0D39 /* Build configuration list for PBXNativeTarget "cpp-training" */ = {
			isa = XCConfigurationList;
			buildConfigurations = (
				E9954EDD1B4EE3C400CA0D39 /* Debug */,
				E9954EDE1B4EE3C400CA0D39 /* Release */,
			);
			defaultConfigurationIsVisible = 0;
			defaultConfigurationName = Release;
		};
/* End XCConfigurationList section */
	};
	rootObject = E9954ECD1B4EE3C400CA0D39 /* Project object */;
}
